
Microsoft Visual Studio Solution File, Format Version 12.00
# Visual Studio 15
Project("{FAE04EC0-301F-11D3-BF4B-00C04F79EFBC}") = "SteamVR", "SteamVR.csproj", "{2BBC8159-AE5D-9BB4-0835-D6FA795280BD}"
EndProject
Project("{FAE04EC0-301F-11D3-BF4B-00C04F79EFBC}") = "Assembly-CSharp", "Assembly-CSharp.csproj", "{03014DD2-BF73-A64F-F839-D7E799506328}"
EndProject
Project("{FAE04EC0-301F-11D3-BF4B-00C04F79EFBC}") = "SteamVR_Actions", "SteamVR_Actions.csproj", "{D4D9761B-57AA-72A2-21B4-09B365D3525B}"
EndProject
Project("{FAE04EC0-301F-11D3-BF4B-00C04F79EFBC}") = "SteamVR_Editor", "SteamVR_Editor.csproj", "{7EA65EE2-D3C7-947E-EA49-DD31DFFD3275}"
EndProject
Project("{FAE04EC0-301F-11D3-BF4B-00C04F79EFBC}") = "SteamVR_Input_Editor", "SteamVR_Input_Editor.csproj", "{500ED958-3EDD-01DD-5D24-F692C9F2F3DB}"
EndProject
Project("{FAE04EC0-301F-11D3-BF4B-00C04F79EFBC}") = "SteamVR_Windows_EditorHelper", "SteamVR_Windows_EditorHelper.csproj", "{16F1DCC8-76E9-EABE-B5B6-E168E7437791}"
EndProject
Global
	GlobalSection(SolutionConfigurationPlatforms) = preSolution
		Debug|Any CPU = Debug|Any CPU
		Release|Any CPU = Release|Any CPU
	EndGlobalSection
	GlobalSection(ProjectConfigurationPlatforms) = postSolution
		{2BBC8159-AE5D-9BB4-0835-D6FA795280BD}.Debug|Any CPU.ActiveCfg = Debug|Any CPU
		{2BBC8159-AE5D-9BB4-0835-D6FA795280BD}.Debug|Any CPU.Build.0 = Debug|Any CPU
		{2BBC8159-AE5D-9BB4-0835-D6FA795280BD}.Release|Any CPU.ActiveCfg = Release|Any CPU
		{2BBC8159-AE5D-9BB4-0835-D6FA795280BD}.Release|Any CPU.Build.0 = Release|Any CPU
		{03014DD2-BF73-A64F-F839-D7E799506328}.Debug|Any CPU.ActiveCfg = Debug|Any CPU
		{03014DD2-BF73-A64F-F839-D7E799506328}.Debug|Any CPU.Build.0 = Debug|Any CPU
		{03014DD2-BF73-A64F-F839-D7E799506328}.Release|Any CPU.ActiveCfg = Release|Any CPU
		{03014DD2-BF73-A64F-F839-D7E799506328}.Release|Any CPU.Build.0 = Release|Any CPU
		{D4D9761B-57AA-72A2-21B4-09B365D3525B}.Debug|Any CPU.ActiveCfg = Debug|Any CPU
		{D4D9761B-57AA-72A2-21B4-09B365D3525B}.Debug|Any CPU.Build.0 = Debug|Any CPU
		{D4D9761B-57AA-72A2-21B4-09B365D3525B}.Release|Any CPU.ActiveCfg = Release|Any CPU
		{D4D9761B-57AA-72A2-21B4-09B365D3525B}.Release|Any CPU.Build.0 = Release|Any CPU
		{7EA65EE2-D3C7-947E-EA49-DD31DFFD3275}.Debug|Any CPU.ActiveCfg = Debug|Any CPU
		{7EA65EE2-D3C7-947E-EA49-DD31DFFD3275}.Debug|Any CPU.Build.0 = Debug|Any CPU
		{7EA65EE2-D3C7-947E-EA49-DD31DFFD3275}.Release|Any CPU.ActiveCfg = Release|Any CPU
		{7EA65EE2-D3C7-947E-EA49-DD31DFFD3275}.Release|Any CPU.Build.0 = Release|Any CPU
		{500ED958-3EDD-01DD-5D24-F692C9F2F3DB}.Debug|Any CPU.ActiveCfg = Debug|Any CPU
		{500ED958-3EDD-01DD-5D24-F692C9F2F3DB}.Debug|Any CPU.Build.0 = Debug|Any CPU
		{500ED958-3EDD-01DD-5D24-F692C9F2F3DB}.Release|Any CPU.ActiveCfg = Release|Any CPU
		{500ED958-3EDD-01DD-5D24-F692C9F2F3DB}.Release|Any CPU.Build.0 = Release|Any CPU
		{16F1DCC8-76E9-EABE-B5B6-E168E7437791}.Debug|Any CPU.ActiveCfg = Debug|Any CPU
		{16F1DCC8-76E9-EABE-B5B6-E168E7437791}.Debug|Any CPU.Build.0 = Debug|Any CPU
		{16F1DCC8-76E9-EABE-B5B6-E168E7437791}.Release|Any CPU.ActiveCfg = Release|Any CPU
		{16F1DCC8-76E9-EABE-B5B6-E168E7437791}.Release|Any CPU.Build.0 = Release|Any CPU
	EndGlobalSection
	GlobalSection(SolutionProperties) = preSolution
		HideSolutionNode = FALSE
	EndGlobalSection
EndGlobal
